
Microsoft Visual Studio Solution File, Format Version 12.00
# Visual Studio Version 16
VisualStudioVersion = 16.0.31424.327
MinimumVisualStudioVersion = 10.0.40219.1
Project("{9A19103F-16F7-4668-BE54-9A1E7A4F7556}") = "TodoApp", "TodoApp\TodoApp.csproj", "{1157EB7C-D491-440E-950B-451A6EBBA6EB}"
EndProject
Project("{FAE04EC0-301F-11D3-BF4B-00C04F79EFBC}") = "TodoApp.Data", "TodoApp.Data\TodoApp.Data.csproj", "{EE439189-25FF-4ED4-8ED2-232740784A95}"
EndProject
Project("{FAE04EC0-301F-11D3-BF4B-00C04F79EFBC}") = "TodoApp.Models", "TodoApp.Models\TodoApp.Models.csproj", "{8F98D747-23E5-4BB1-9E73-A2AE2F24E41B}"
EndProject
Global
	GlobalSection(SolutionConfigurationPlatforms) = preSolution
		Debug|Any CPU = Debug|Any CPU
		Release|Any CPU = Release|Any CPU
	EndGlobalSection
	GlobalSection(ProjectConfigurationPlatforms) = postSolution
		{1157EB7C-D491-440E-950B-451A6EBBA6EB}.Debug|Any CPU.ActiveCfg = Debug|Any CPU
		{1157EB7C-D491-440E-950B-451A6EBBA6EB}.Debug|Any CPU.Build.0 = Debug|Any CPU
		{1157EB7C-D491-440E-950B-451A6EBBA6EB}.Release|Any CPU.ActiveCfg = Release|Any CPU
		{1157EB7C-D491-440E-950B-451A6EBBA6EB}.Release|Any CPU.Build.0 = Release|Any CPU
		{EE439189-25FF-4ED4-8ED2-232740784A95}.Debug|Any CPU.ActiveCfg = Debug|Any CPU
		{EE439189-25FF-4ED4-8ED2-232740784A95}.Debug|Any CPU.Build.0 = Debug|Any CPU
		{EE439189-25FF-4ED4-8ED2-232740784A95}.Release|Any CPU.ActiveCfg = Release|Any CPU
		{EE439189-25FF-4ED4-8ED2-232740784A95}.Release|Any CPU.Build.0 = Release|Any CPU
		{8F98D747-23E5-4BB1-9E73-A2AE2F24E41B}.Debug|Any CPU.ActiveCfg = Debug|Any CPU
		{8F98D747-23E5-4BB1-9E73-A2AE2F24E41B}.Debug|Any CPU.Build.0 = Debug|Any CPU
		{8F98D747-23E5-4BB1-9E73-A2AE2F24E41B}.Release|Any CPU.ActiveCfg = Release|Any CPU
		{8F98D747-23E5-4BB1-9E73-A2AE2F24E41B}.Release|Any CPU.Build.0 = Release|Any CPU
	EndGlobalSection
	GlobalSection(SolutionProperties) = preSolution
		HideSolutionNode = FALSE
	EndGlobalSection
	GlobalSection(ExtensibilityGlobals) = postSolution
		SolutionGuid = {3BBD4DF6-EE93-4F4F-A7B9-A79B2F32408E}
	EndGlobalSection
EndGlobal
